
Microsoft Visual Studio Solution File, Format Version 12.00
# Visual Studio Version 17
VisualStudioVersion = 17.9.34607.119
MinimumVisualStudioVersion = 10.0.40219.1
Project("{2150E333-8FDC-42A3-9474-1A3956D46DE8}") = "src", "src", "{A602B476-FB19-4394-B5CE-8E9787B1EEC0}"
EndProject
Project("{2150E333-8FDC-42A3-9474-1A3956D46DE8}") = "corePackages", "corePackages", "{C50E07DB-6AE2-4940-A550-D42820AA75C6}"
EndProject
Project("{2150E333-8FDC-42A3-9474-1A3956D46DE8}") = "webProjects", "webProjects", "{AE41BA75-4F30-4509-8ACC-12C017BB1BD8}"
EndProject
Project("{9A19103F-16F7-4668-BE54-9A1E7A4F7556}") = "Application", "src\webProjects\Application\Application.csproj", "{006BA807-9A9C-4B97-87BA-1C05EFC4CC3A}"
EndProject
Project("{9A19103F-16F7-4668-BE54-9A1E7A4F7556}") = "WebAPI", "src\webProjects\WebAPI\WebAPI.csproj", "{B3EDDC3A-F721-4D2F-BCBD-EE3A0B247921}"
EndProject
Project("{9A19103F-16F7-4668-BE54-9A1E7A4F7556}") = "Domain", "src\webProjects\Domain\Domain.csproj", "{B381F6C6-A140-4BA2-8447-649577E1F25D}"
EndProject
Project("{9A19103F-16F7-4668-BE54-9A1E7A4F7556}") = "Infrastructure", "src\webProjects\Infrastructure\Infrastructure.csproj", "{6BAC4543-20EF-4244-957F-A64934758806}"
EndProject
Project("{9A19103F-16F7-4668-BE54-9A1E7A4F7556}") = "Persistence", "src\webProjects\Persistence\Persistence.csproj", "{9ED533F2-3F1F-4698-9A1D-B98C9D0C5DB5}"
EndProject
Project("{9A19103F-16F7-4668-BE54-9A1E7A4F7556}") = "Core.Persistence", "src\corePackages\Core.Persistence\Core.Persistence.csproj", "{A8F44908-9F4C-4562-9AD7-AD7AA904A890}"
EndProject
Project("{9A19103F-16F7-4668-BE54-9A1E7A4F7556}") = "Core.CrossCuttingConcers", "src\corePackages\Core.CrossCuttingConcers\Core.CrossCuttingConcers.csproj", "{A2A7720A-3071-4BB1-8D3A-4EF316556B02}"
EndProject
Project("{9A19103F-16F7-4668-BE54-9A1E7A4F7556}") = "Core.Application", "src\corePackages\Core.Application\Core.Application.csproj", "{07C28226-A8E0-410A-830B-E105DDC885A7}"
EndProject
Project("{FAE04EC0-301F-11D3-BF4B-00C04F79EFBC}") = "Core.Security", "src\corePackages\Core.Security\Core.Security.csproj", "{488E246B-F2E7-4BB1-877E-E973D00C279E}"
EndProject
Global
	GlobalSection(SolutionConfigurationPlatforms) = preSolution
		Debug|Any CPU = Debug|Any CPU
		Release|Any CPU = Release|Any CPU
	EndGlobalSection
	GlobalSection(ProjectConfigurationPlatforms) = postSolution
		{006BA807-9A9C-4B97-87BA-1C05EFC4CC3A}.Debug|Any CPU.ActiveCfg = Debug|Any CPU
		{006BA807-9A9C-4B97-87BA-1C05EFC4CC3A}.Debug|Any CPU.Build.0 = Debug|Any CPU
		{006BA807-9A9C-4B97-87BA-1C05EFC4CC3A}.Release|Any CPU.ActiveCfg = Release|Any CPU
		{006BA807-9A9C-4B97-87BA-1C05EFC4CC3A}.Release|Any CPU.Build.0 = Release|Any CPU
		{B3EDDC3A-F721-4D2F-BCBD-EE3A0B247921}.Debug|Any CPU.ActiveCfg = Debug|Any CPU
		{B3EDDC3A-F721-4D2F-BCBD-EE3A0B247921}.Debug|Any CPU.Build.0 = Debug|Any CPU
		{B3EDDC3A-F721-4D2F-BCBD-EE3A0B247921}.Release|Any CPU.ActiveCfg = Release|Any CPU
		{B3EDDC3A-F721-4D2F-BCBD-EE3A0B247921}.Release|Any CPU.Build.0 = Release|Any CPU
		{B381F6C6-A140-4BA2-8447-649577E1F25D}.Debug|Any CPU.ActiveCfg = Debug|Any CPU
		{B381F6C6-A140-4BA2-8447-649577E1F25D}.Debug|Any CPU.Build.0 = Debug|Any CPU
		{B381F6C6-A140-4BA2-8447-649577E1F25D}.Release|Any CPU.ActiveCfg = Release|Any CPU
		{B381F6C6-A140-4BA2-8447-649577E1F25D}.Release|Any CPU.Build.0 = Release|Any CPU
		{6BAC4543-20EF-4244-957F-A64934758806}.Debug|Any CPU.ActiveCfg = Debug|Any CPU
		{6BAC4543-20EF-4244-957F-A64934758806}.Debug|Any CPU.Build.0 = Debug|Any CPU
		{6BAC4543-20EF-4244-957F-A64934758806}.Release|Any CPU.ActiveCfg = Release|Any CPU
		{6BAC4543-20EF-4244-957F-A64934758806}.Release|Any CPU.Build.0 = Release|Any CPU
		{9ED533F2-3F1F-4698-9A1D-B98C9D0C5DB5}.Debug|Any CPU.ActiveCfg = Debug|Any CPU
		{9ED533F2-3F1F-4698-9A1D-B98C9D0C5DB5}.Debug|Any CPU.Build.0 = Debug|Any CPU
		{9ED533F2-3F1F-4698-9A1D-B98C9D0C5DB5}.Release|Any CPU.ActiveCfg = Release|Any CPU
		{9ED533F2-3F1F-4698-9A1D-B98C9D0C5DB5}.Release|Any CPU.Build.0 = Release|Any CPU
		{A8F44908-9F4C-4562-9AD7-AD7AA904A890}.Debug|Any CPU.ActiveCfg = Debug|Any CPU
		{A8F44908-9F4C-4562-9AD7-AD7AA904A890}.Debug|Any CPU.Build.0 = Debug|Any CPU
		{A8F44908-9F4C-4562-9AD7-AD7AA904A890}.Release|Any CPU.ActiveCfg = Release|Any CPU
		{A8F44908-9F4C-4562-9AD7-AD7AA904A890}.Release|Any CPU.Build.0 = Release|Any CPU
		{A2A7720A-3071-4BB1-8D3A-4EF316556B02}.Debug|Any CPU.ActiveCfg = Debug|Any CPU
		{A2A7720A-3071-4BB1-8D3A-4EF316556B02}.Debug|Any CPU.Build.0 = Debug|Any CPU
		{A2A7720A-3071-4BB1-8D3A-4EF316556B02}.Release|Any CPU.ActiveCfg = Release|Any CPU
		{A2A7720A-3071-4BB1-8D3A-4EF316556B02}.Release|Any CPU.Build.0 = Release|Any CPU
		{07C28226-A8E0-410A-830B-E105DDC885A7}.Debug|Any CPU.ActiveCfg = Debug|Any CPU
		{07C28226-A8E0-410A-830B-E105DDC885A7}.Debug|Any CPU.Build.0 = Debug|Any CPU
		{07C28226-A8E0-410A-830B-E105DDC885A7}.Release|Any CPU.ActiveCfg = Release|Any CPU
		{07C28226-A8E0-410A-830B-E105DDC885A7}.Release|Any CPU.Build.0 = Release|Any CPU
		{488E246B-F2E7-4BB1-877E-E973D00C279E}.Debug|Any CPU.ActiveCfg = Debug|Any CPU
		{488E246B-F2E7-4BB1-877E-E973D00C279E}.Debug|Any CPU.Build.0 = Debug|Any CPU
		{488E246B-F2E7-4BB1-877E-E973D00C279E}.Release|Any CPU.ActiveCfg = Release|Any CPU
		{488E246B-F2E7-4BB1-877E-E973D00C279E}.Release|Any CPU.Build.0 = Release|Any CPU
	EndGlobalSection
	GlobalSection(SolutionProperties) = preSolution
		HideSolutionNode = FALSE
	EndGlobalSection
	GlobalSection(NestedProjects) = preSolution
		{C50E07DB-6AE2-4940-A550-D42820AA75C6} = {A602B476-FB19-4394-B5CE-8E9787B1EEC0}
		{AE41BA75-4F30-4509-8ACC-12C017BB1BD8} = {A602B476-FB19-4394-B5CE-8E9787B1EEC0}
		{006BA807-9A9C-4B97-87BA-1C05EFC4CC3A} = {AE41BA75-4F30-4509-8ACC-12C017BB1BD8}
		{B3EDDC3A-F721-4D2F-BCBD-EE3A0B247921} = {AE41BA75-4F30-4509-8ACC-12C017BB1BD8}
		{B381F6C6-A140-4BA2-8447-649577E1F25D} = {AE41BA75-4F30-4509-8ACC-12C017BB1BD8}
		{6BAC4543-20EF-4244-957F-A64934758806} = {AE41BA75-4F30-4509-8ACC-12C017BB1BD8}
		{9ED533F2-3F1F-4698-9A1D-B98C9D0C5DB5} = {AE41BA75-4F30-4509-8ACC-12C017BB1BD8}
		{A8F44908-9F4C-4562-9AD7-AD7AA904A890} = {C50E07DB-6AE2-4940-A550-D42820AA75C6}
		{A2A7720A-3071-4BB1-8D3A-4EF316556B02} = {C50E07DB-6AE2-4940-A550-D42820AA75C6}
		{07C28226-A8E0-410A-830B-E105DDC885A7} = {C50E07DB-6AE2-4940-A550-D42820AA75C6}
		{488E246B-F2E7-4BB1-877E-E973D00C279E} = {C50E07DB-6AE2-4940-A550-D42820AA75C6}
	EndGlobalSection
	GlobalSection(ExtensibilityGlobals) = postSolution
		SolutionGuid = {BE273BCF-E355-4BB0-B0CB-47002BD9AC99}
	EndGlobalSection
EndGlobal
